// !$*UTF8*$!
{
	archiveVersion = 1;
	classes = {
	};
	objectVersion = 77;
	objects = {

/* Begin PBXBuildFile section */
		E3B66001303A7A4B0040E711 /* AppDelegate.swift in Sources */ = {isa = PBXBuildFile; fileRef = E3B66000303A7A4B0040E711 /* AppDelegate.swift */; };
		E3B66003303A7A4B0040E711 /* SceneDelegate.swift in Sources */ = {isa = PBXBuildFile; fileRef = E3B66002303A7A4B0040E711 /* SceneDelegate.swift */; };
		E3B66006303A7A4B0040E711 /* LaunchScreen.storyboard in Resources */ = {isa = PBXBuildFile; fileRef = E3B66004303A7A4B0040E711 /* LaunchScreen.storyboard */; };
		E3B66009303A7A4B0040E711 /* Main.storyboard in Resources */ = {isa = PBXBuildFile; fileRef = E3B66007303A7A4B0040E711 /* Main.storyboard */; };
		E3B66012303A7A4B0040E711 /* AppDelegate.swift in Sources */ = {isa = PBXBuildFile; fileRef = E3B66011303A7A4B0040E711 /* AppDelegate.swift */; };
		E3B66015303A7A4B0040E711 /* Main.storyboard in Resources */ = {isa = PBXBuildFile; fileRef = E3B66013303A7A4B0040E711 /* Main.storyboard */; };
		E3B6601C303A7A4B0040E711 /* Watch Together Extension.appex in Embed Foundation Extensions */ = {isa = PBXBuildFile; fileRef = E3B6601B303A7A4B0040E711 /* Watch Together Extension.appex */; settings = {ATTRIBUTES = (RemoveHeadersOnCopy, ); }; };
		E3B66026303A7A4C0040E711 /* Watch Together Extension.appex in Embed Foundation Extensions */ = {isa = PBXBuildFile; fileRef = E3B66025303A7A4C0040E711 /* Watch Together Extension.appex */; settings = {ATTRIBUTES = (RemoveHeadersOnCopy, ); }; };
		E3B6602B303A7A4C0040E711 /* Main.html in Resources */ = {isa = PBXBuildFile; fileRef = E3B65FF0303A7A4B0040E711 /* Main.html */; };
		E3B6602C303A7A4C0040E711 /* Main.html in Resources */ = {isa = PBXBuildFile; fileRef = E3B65FF0303A7A4B0040E711 /* Main.html */; };
		E3B6602D303A7A4C0040E711 /* Icon.png in Resources */ = {isa = PBXBuildFile; fileRef = E3B65FF2303A7A4B0040E711 /* Icon.png */; };
		E3B6602E303A7A4C0040E711 /* Icon.png in Resources */ = {isa = PBXBuildFile; fileRef = E3B65FF2303A7A4B0040E711 /* Icon.png */; };
		E3B6602F303A7A4C0040E711 /* Style.css in Resources */ = {isa = PBXBuildFile; fileRef = E3B65FF3303A7A4B0040E711 /* Style.css */; };
		E3B66030303A7A4C0040E711 /* Style.css in Resources */ = {isa = PBXBuildFile; fileRef = E3B65FF3303A7A4B0040E711 /* Style.css */; };
		E3B66031303A7A4C0040E711 /* Script.js in Resources */ = {isa = PBXBuildFile; fileRef = E3B65FF4303A7A4B0040E711 /* Script.js */; };
		E3B66032303A7A4C0040E711 /* Script.js in Resources */ = {isa = PBXBuildFile; fileRef = E3B65FF4303A7A4B0040E711 /* Script.js */; };
		E3B66033303A7A4C0040E711 /* ViewController.swift in Sources */ = {isa = PBXBuildFile; fileRef = E3B65FF5303A7A4B0040E711 /* ViewController.swift */; };
		E3B66034303A7A4C0040E711 /* ViewController.swift in Sources */ = {isa = PBXBuildFile; fileRef = E3B65FF5303A7A4B0040E711 /* ViewController.swift */; };
		E3B66035303A7A4C0040E711 /* Assets.xcassets in Resources */ = {isa = PBXBuildFile; fileRef = E3B65FF6303A7A4B0040E711 /* Assets.xcassets */; };
		E3B66036303A7A4C0040E711 /* Assets.xcassets in Resources */ = {isa = PBXBuildFile; fileRef = E3B65FF6303A7A4B0040E711 /* Assets.xcassets */; };
		E3B66037303A7A4C0040E711 /* SafariWebExtensionHandler.swift in Sources */ = {isa = PBXBuildFile; fileRef = E3B65FF8303A7A4B0040E711 /* SafariWebExtensionHandler.swift */; };
		E3B66038303A7A4C0040E711 /* SafariWebExtensionHandler.swift in Sources */ = {isa = PBXBuildFile; fileRef = E3B65FF8303A7A4B0040E711 /* SafariWebExtensionHandler.swift */; };
		E3B66056303A7A4C0040E711 /* popup in Resources */ = {isa = PBXBuildFile; fileRef = E3B6604A303A7A4C0040E711 /* popup */; };
		E3B66057303A7A4C0040E711 /* background.js in Resources */ = {isa = PBXBuildFile; fileRef = E3B6604B303A7A4C0040E711 /* background.js */; };
		E3B66058303A7A4C0040E711 /* overlay.js in Resources */ = {isa = PBXBuildFile; fileRef = E3B6604C303A7A4C0040E711 /* overlay.js */; };
		E3B6605A303A7A4C0040E711 /* config.js in Resources */ = {isa = PBXBuildFile; fileRef = E3B6604E303A7A4C0040E711 /* config.js */; };
		E3B6605B303A7A4C0040E711 /* auto-join-extract.js in Resources */ = {isa = PBXBuildFile; fileRef = E3B6604F303A7A4C0040E711 /* auto-join-extract.js */; };
		E3B6605D303A7A4C0040E711 /* adapters in Resources */ = {isa = PBXBuildFile; fileRef = E3B66051303A7A4C0040E711 /* adapters */; };
		E3B6605E303A7A4C0040E711 /* icons in Resources */ = {isa = PBXBuildFile; fileRef = E3B66052303A7A4C0040E711 /* icons */; };
		E3B6605F303A7A4C0040E711 /* manifest.json in Resources */ = {isa = PBXBuildFile; fileRef = E3B66053303A7A4C0040E711 /* manifest.json */; };
		E3B66060303A7A4C0040E711 /* relay.js in Resources */ = {isa = PBXBuildFile; fileRef = E3B66054303A7A4C0040E711 /* relay.js */; };
		E3B66061303A7A4C0040E711 /* content.js in Resources */ = {isa = PBXBuildFile; fileRef = E3B66055303A7A4C0040E711 /* content.js */; };
		E3B66062303A7A4C0040E711 /* popup in Resources */ = {isa = PBXBuildFile; fileRef = E3B6604A303A7A4C0040E711 /* popup */; };
		E3B66063303A7A4C0040E711 /* background.js in Resources */ = {isa = PBXBuildFile; fileRef = E3B6604B303A7A4C0040E711 /* background.js */; };
		E3B66064303A7A4C0040E711 /* overlay.js in Resources */ = {isa = PBXBuildFile; fileRef = E3B6604C303A7A4C0040E711 /* overlay.js */; };
		E3B66066303A7A4C0040E711 /* config.js in Resources */ = {isa = PBXBuildFile; fileRef = E3B6604E303A7A4C0040E711 /* config.js */; };
		E3B66067303A7A4C0040E711 /* auto-join-extract.js in Resources */ = {isa = PBXBuildFile; fileRef = E3B6604F303A7A4C0040E711 /* auto-join-extract.js */; };
		E3B66069303A7A4C0040E711 /* adapters in Resources */ = {isa = PBXBuildFile; fileRef = E3B66051303A7A4C0040E711 /* adapters */; };
		E3B6606A303A7A4C0040E711 /* icons in Resources */ = {isa = PBXBuildFile; fileRef = E3B66052303A7A4C0040E711 /* icons */; };
		E3B6606B303A7A4C0040E711 /* manifest.json in Resources */ = {isa = PBXBuildFile; fileRef = E3B66053303A7A4C0040E711 /* manifest.json */; };
		E3B6606C303A7A4C0040E711 /* relay.js in Resources */ = {isa = PBXBuildFile; fileRef = E3B66054303A7A4C0040E711 /* relay.js */; };
		E3B6606D303A7A4C0040E711 /* content.js in Resources */ = {isa = PBXBuildFile; fileRef = E3B66055303A7A4C0040E711 /* content.js */; };
/* End PBXBuildFile section */

/* Begin PBXContainerItemProxy section */
		E3B6601D303A7A4B0040E711 /* PBXContainerItemProxy */ = {
			isa = PBXContainerItemProxy;
			containerPortal = E3B65FEA303A7A4A0040E711 /* Project object */;
			proxyType = 1;
			remoteGlobalIDString = E3B6601A303A7A4B0040E711;
			remoteInfo = "Watch Together Extension (iOS)";
		};
		E3B66027303A7A4C0040E711 /* PBXContainerItemProxy */ = {
			isa = PBXContainerItemProxy;
			containerPortal = E3B65FEA303A7A4A0040E711 /* Project object */;
			proxyType = 1;
			remoteGlobalIDString = E3B66024303A7A4C0040E711;
			remoteInfo = "Watch Together Extension (macOS)";
		};
/* End PBXContainerItemProxy section */

/* Begin PBXCopyFilesBuildPhase section */
		E3B6603E303A7A4C0040E711 /* Embed Foundation Extensions */ = {
			isa = PBXCopyFilesBuildPhase;
			buildActionMask = 2147483647;
			dstPath = "";
			dstSubfolderSpec = 13;
			files = (
				E3B6601C303A7A4B0040E711 /* Watch Together Extension.appex in Embed Foundation Extensions */,
			);
			name = "Embed Foundation Extensions";
			runOnlyForDeploymentPostprocessing = 0;
		};
		E3B66045303A7A4C0040E711 /* Embed Foundation Extensions */ = {
			isa = PBXCopyFilesBuildPhase;
			buildActionMask = 2147483647;
			dstPath = "";
			dstSubfolderSpec = 13;
			files = (
				E3B66026303A7A4C0040E711 /* Watch Together Extension.appex in Embed Foundation Extensions */,
			);
			name = "Embed Foundation Extensions";
			runOnlyForDeploymentPostprocessing = 0;
		};
/* End PBXCopyFilesBuildPhase section */

/* Begin PBXFileReference section */
		E3B65FF1303A7A4B0040E711 /* Base */ = {isa = PBXFileReference; lastKnownFileType = text.html; name = Base; path = Base.lproj/Main.html; sourceTree = "<group>"; };
		E3B65FF2303A7A4B0040E711 /* Icon.png */ = {isa = PBXFileReference; lastKnownFileType = image.png; path = Icon.png; sourceTree = "<group>"; };
		E3B65FF3303A7A4B0040E711 /* Style.css */ = {isa = PBXFileReference; lastKnownFileType = text.css; path = Style.css; sourceTree = "<group>"; };
		E3B65FF4303A7A4B0040E711 /* Script.js */ = {isa = PBXFileReference; lastKnownFileType = sourcecode.javascript; path = Script.js; sourceTree = "<group>"; };
		E3B65FF5303A7A4B0040E711 /* ViewController.swift */ = {isa = PBXFileReference; lastKnownFileType = sourcecode.swift; path = ViewController.swift; sourceTree = "<group>"; };
		E3B65FF6303A7A4B0040E711 /* Assets.xcassets */ = {isa = PBXFileReference; lastKnownFileType = folder.assetcatalog; path = Assets.xcassets; sourceTree = "<group>"; };
		E3B65FF8303A7A4B0040E711 /* SafariWebExtensionHandler.swift */ = {isa = PBXFileReference; lastKnownFileType = sourcecode.swift; path = SafariWebExtensionHandler.swift; sourceTree = "<group>"; };
		E3B65FFD303A7A4B0040E711 /* Watch Together.app */ = {isa = PBXFileReference; explicitFileType = wrapper.application; includeInIndex = 0; path = "Watch Together.app"; sourceTree = BUILT_PRODUCTS_DIR; };
		E3B66000303A7A4B0040E711 /* AppDelegate.swift */ = {isa = PBXFileReference; lastKnownFileType = sourcecode.swift; path = AppDelegate.swift; sourceTree = "<group>"; };
		E3B66002303A7A4B0040E711 /* SceneDelegate.swift */ = {isa = PBXFileReference; lastKnownFileType = sourcecode.swift; path = SceneDelegate.swift; sourceTree = "<group>"; };
		E3B66005303A7A4B0040E711 /* Base */ = {isa = PBXFileReference; lastKnownFileType = file.storyboard; name = Base; path = Base.lproj/LaunchScreen.storyboard; sourceTree = "<group>"; };
		E3B66008303A7A4B0040E711 /* Base */ = {isa = PBXFileReference; lastKnownFileType = file.storyboard; name = Base; path = Base.lproj/Main.storyboard; sourceTree = "<group>"; };
		E3B6600A303A7A4B0040E711 /* Info.plist */ = {isa = PBXFileReference; lastKnownFileType = text.plist.xml; path = Info.plist; sourceTree = "<group>"; };
		E3B6600F303A7A4B0040E711 /* Watch Together.app */ = {isa = PBXFileReference; explicitFileType = wrapper.application; includeInIndex = 0; path = "Watch Together.app"; sourceTree = BUILT_PRODUCTS_DIR; };
		E3B66011303A7A4B0040E711 /* AppDelegate.swift */ = {isa = PBXFileReference; lastKnownFileType = sourcecode.swift; path = AppDelegate.swift; sourceTree = "<group>"; };
		E3B66014303A7A4B0040E711 /* Base */ = {isa = PBXFileReference; lastKnownFileType = file.storyboard; name = Base; path = Base.lproj/Main.storyboard; sourceTree = "<group>"; };
		E3B66016303A7A4B0040E711 /* Info.plist */ = {isa = PBXFileReference; lastKnownFileType = text.plist.xml; path = Info.plist; sourceTree = "<group>"; };
		E3B6601B303A7A4B0040E711 /* Watch Together Extension.appex */ = {isa = PBXFileReference; explicitFileType = "wrapper.app-extension"; includeInIndex = 0; path = "Watch Together Extension.appex"; sourceTree = BUILT_PRODUCTS_DIR; };
		E3B66020303A7A4B0040E711 /* Info.plist */ = {isa = PBXFileReference; lastKnownFileType = text.plist.xml; path = Info.plist; sourceTree = "<group>"; };
		E3B66025303A7A4C0040E711 /* Watch Together Extension.appex */ = {isa = PBXFileReference; explicitFileType = "wrapper.app-extension"; includeInIndex = 0; path = "Watch Together Extension.appex"; sourceTree = BUILT_PRODUCTS_DIR; };
		E3B6602A303A7A4C0040E711 /* Info.plist */ = {isa = PBXFileReference; lastKnownFileType = text.plist.xml; path = Info.plist; sourceTree = "<group>"; };
		E3B6604A303A7A4C0040E711 /* popup */ = {isa = PBXFileReference; lastKnownFileType = folder; name = popup; path = ../../../extension/popup; sourceTree = "<group>"; };
		E3B6604B303A7A4C0040E711 /* background.js */ = {isa = PBXFileReference; lastKnownFileType = sourcecode.javascript; name = background.js; path = ../../../extension/background.js; sourceTree = "<group>"; };
		E3B6604C303A7A4C0040E711 /* overlay.js */ = {isa = PBXFileReference; lastKnownFileType = sourcecode.javascript; name = overlay.js; path = ../../../extension/overlay.js; sourceTree = "<group>"; };
		E3B6604E303A7A4C0040E711 /* config.js */ = {isa = PBXFileReference; lastKnownFileType = sourcecode.javascript; name = config.js; path = ../../../extension/config.js; sourceTree = "<group>"; };
		E3B6604F303A7A4C0040E711 /* auto-join-extract.js */ = {isa = PBXFileReference; lastKnownFileType = sourcecode.javascript; name = "auto-join-extract.js"; path = "../../../extension/auto-join-extract.js"; sourceTree = "<group>"; };
		E3B66051303A7A4C0040E711 /* adapters */ = {isa = PBXFileReference; lastKnownFileType = folder; name = adapters; path = ../../../extension/adapters; sourceTree = "<group>"; };
		E3B66052303A7A4C0040E711 /* icons */ = {isa = PBXFileReference; lastKnownFileType = folder; name = icons; path = ../../../extension/icons; sourceTree = "<group>"; };
		E3B66053303A7A4C0040E711 /* manifest.json */ = {isa = PBXFileReference; lastKnownFileType = text.json; name = manifest.json; path = ../../../extension/manifest.json; sourceTree = "<group>"; };
		E3B66054303A7A4C0040E711 /* relay.js */ = {isa = PBXFileReference; lastKnownFileType = sourcecode.javascript; name = relay.js; path = ../../../extension/relay.js; sourceTree = "<group>"; };
		E3B66055303A7A4C0040E711 /* content.js */ = {isa = PBXFileReference; lastKnownFileType = sourcecode.javascript; name = content.js; path = ../../../extension/content.js; sourceTree = "<group>"; };
/* End PBXFileReference section */

/* Begin PBXFrameworksBuildPhase section */
		E3B65FFA303A7A4B0040E711 /* Frameworks */ = {
			isa = PBXFrameworksBuildPhase;
			buildActionMask = 2147483647;
			files = (
			);
			runOnlyForDeploymentPostprocessing = 0;
		};
		E3B6600C303A7A4B0040E711 /* Frameworks */ = {
			isa = PBXFrameworksBuildPhase;
			buildActionMask = 2147483647;
			files = (
			);
			runOnlyForDeploymentPostprocessing = 0;
		};
		E3B66018303A7A4B0040E711 /* Frameworks */ = {
			isa = PBXFrameworksBuildPhase;
			buildActionMask = 2147483647;
			files = (
			);
			runOnlyForDeploymentPostprocessing = 0;
		};
		E3B66022303A7A4C0040E711 /* Frameworks */ = {
			isa = PBXFrameworksBuildPhase;
			buildActionMask = 2147483647;
			files = (
			);
			runOnlyForDeploymentPostprocessing = 0;
		};
/* End PBXFrameworksBuildPhase section */

/* Begin PBXGroup section */
		E3B65FE9303A7A4A0040E711 = {
			isa = PBXGroup;
			children = (
				E3B65FEE303A7A4A0040E711 /* Shared (App) */,
				E3B65FF7303A7A4B0040E711 /* Shared (Extension) */,
				E3B65FFF303A7A4B0040E711 /* iOS (App) */,
				E3B66010303A7A4B0040E711 /* macOS (App) */,
				E3B6601F303A7A4B0040E711 /* iOS (Extension) */,
				E3B66029303A7A4C0040E711 /* macOS (Extension) */,
				E3B65FFE303A7A4B0040E711 /* Products */,
			);
			sourceTree = "<group>";
		};
		E3B65FEE303A7A4A0040E711 /* Shared (App) */ = {
			isa = PBXGroup;
			children = (
				E3B65FF5303A7A4B0040E711 /* ViewController.swift */,
				E3B65FF6303A7A4B0040E711 /* Assets.xcassets */,
				E3B65FEF303A7A4A0040E711 /* Resources */,
			);
			path = "Shared (App)";
			sourceTree = "<group>";
		};
		E3B65FEF303A7A4A0040E711 /* Resources */ = {
			isa = PBXGroup;
			children = (
				E3B65FF0303A7A4B0040E711 /* Main.html */,
				E3B65FF2303A7A4B0040E711 /* Icon.png */,
				E3B65FF3303A7A4B0040E711 /* Style.css */,
				E3B65FF4303A7A4B0040E711 /* Script.js */,
			);
			path = Resources;
			sourceTree = "<group>";
		};
		E3B65FF7303A7A4B0040E711 /* Shared (Extension) */ = {
			isa = PBXGroup;
			children = (
				E3B66049303A7A4C0040E711 /* Resources */,
				E3B65FF8303A7A4B0040E711 /* SafariWebExtensionHandler.swift */,
			);
			path = "Shared (Extension)";
			sourceTree = "<group>";
		};
		E3B65FFE303A7A4B0040E711 /* Products */ = {
			isa = PBXGroup;
			children = (
				E3B65FFD303A7A4B0040E711 /* Watch Together.app */,
				E3B6600F303A7A4B0040E711 /* Watch Together.app */,
				E3B6601B303A7A4B0040E711 /* Watch Together Extension.appex */,
				E3B66025303A7A4C0040E711 /* Watch Together Extension.appex */,
			);
			name = Products;
			sourceTree = "<group>";
		};
		E3B65FFF303A7A4B0040E711 /* iOS (App) */ = {
			isa = PBXGroup;
			children = (
				E3B66000303A7A4B0040E711 /* AppDelegate.swift */,
				E3B66002303A7A4B0040E711 /* SceneDelegate.swift */,
				E3B66004303A7A4B0040E711 /* LaunchScreen.storyboard */,
				E3B66007303A7A4B0040E711 /* Main.storyboard */,
				E3B6600A303A7A4B0040E711 /* Info.plist */,
			);
			path = "iOS (App)";
			sourceTree = "<group>";
		};
		E3B66010303A7A4B0040E711 /* macOS (App) */ = {
			isa = PBXGroup;
			children = (
				E3B66011303A7A4B0040E711 /* AppDelegate.swift */,
				E3B66013303A7A4B0040E711 /* Main.storyboard */,
				E3B66016303A7A4B0040E711 /* Info.plist */,
			);
			path = "macOS (App)";
			sourceTree = "<group>";
		};
		E3B6601F303A7A4B0040E711 /* iOS (Extension) */ = {
			isa = PBXGroup;
			children = (
				E3B66020303A7A4B0040E711 /* Info.plist */,
			);
			path = "iOS (Extension)";
			sourceTree = "<group>";
		};
		E3B66029303A7A4C0040E711 /* macOS (Extension) */ = {
			isa = PBXGroup;
			children = (
				E3B6602A303A7A4C0040E711 /* Info.plist */,
			);
			path = "macOS (Extension)";
			sourceTree = "<group>";
		};
		E3B66049303A7A4C0040E711 /* Resources */ = {
			isa = PBXGroup;
			children = (
				E3B6604A303A7A4C0040E711 /* popup */,
				E3B6604B303A7A4C0040E711 /* background.js */,
				E3B6604C303A7A4C0040E711 /* overlay.js */,
				E3B6604E303A7A4C0040E711 /* config.js */,
				E3B6604F303A7A4C0040E711 /* auto-join-extract.js */,
				E3B66051303A7A4C0040E711 /* adapters */,
				E3B66052303A7A4C0040E711 /* icons */,
				E3B66053303A7A4C0040E711 /* manifest.json */,
				E3B66054303A7A4C0040E711 /* relay.js */,
				E3B66055303A7A4C0040E711 /* content.js */,
			);
			name = Resources;
			path = "Shared (Extension)";
			sourceTree = SOURCE_ROOT;
		};
/* End PBXGroup section */

/* Begin PBXNativeTarget section */
		E3B65FFC303A7A4B0040E711 /* Watch Together (iOS) */ = {
			isa = PBXNativeTarget;
			buildConfigurationList = E3B6603F303A7A4C0040E711 /* Build configuration list for PBXNativeTarget "Watch Together (iOS)" */;
			buildPhases = (
				E3B65FF9303A7A4B0040E711 /* Sources */,
				E3B65FFA303A7A4B0040E711 /* Frameworks */,
				E3B65FFB303A7A4B0040E711 /* Resources */,
				E3B6603E303A7A4C0040E711 /* Embed Foundation Extensions */,
			);
			buildRules = (
			);
			dependencies = (
				E3B6601E303A7A4B0040E711 /* PBXTargetDependency */,
			);
			name = "Watch Together (iOS)";
			packageProductDependencies = (
			);
			productName = "Watch Together (iOS)";
			productReference = E3B65FFD303A7A4B0040E711 /* Watch Together.app */;
			productType = "com.apple.product-type.application";
		};
		E3B6600E303A7A4B0040E711 /* Watch Together (macOS) */ = {
			isa = PBXNativeTarget;
			buildConfigurationList = E3B66046303A7A4C0040E711 /* Build configuration list for PBXNativeTarget "Watch Together (macOS)" */;
			buildPhases = (
				E3B6600B303A7A4B0040E711 /* Sources */,
				E3B6600C303A7A4B0040E711 /* Frameworks */,
				E3B6600D303A7A4B0040E711 /* Resources */,
				E3B66045303A7A4C0040E711 /* Embed Foundation Extensions */,
			);
			buildRules = (
			);
			dependencies = (
				E3B66028303A7A4C0040E711 /* PBXTargetDependency */,
			);
			name = "Watch Together (macOS)";
			packageProductDependencies = (
			);
			productName = "Watch Together (macOS)";
			productReference = E3B6600F303A7A4B0040E711 /* Watch Together.app */;
			productType = "com.apple.product-type.application";
		};
		E3B6601A303A7A4B0040E711 /* Watch Together Extension (iOS) */ = {
			isa = PBXNativeTarget;
			buildConfigurationList = E3B6603B303A7A4C0040E711 /* Build configuration list for PBXNativeTarget "Watch Together Extension (iOS)" */;
			buildPhases = (
				E3B66017303A7A4B0040E711 /* Sources */,
				E3B66018303A7A4B0040E711 /* Frameworks */,
				E3B66019303A7A4B0040E711 /* Resources */,
			);
			buildRules = (
			);
			dependencies = (
			);
			name = "Watch Together Extension (iOS)";
			packageProductDependencies = (
			);
			productName = "Watch Together Extension (iOS)";
			productReference = E3B6601B303A7A4B0040E711 /* Watch Together Extension.appex */;
			productType = "com.apple.product-type.app-extension";
		};
		E3B66024303A7A4C0040E711 /* Watch Together Extension (macOS) */ = {
			isa = PBXNativeTarget;
			buildConfigurationList = E3B66042303A7A4C0040E711 /* Build configuration list for PBXNativeTarget "Watch Together Extension (macOS)" */;
			buildPhases = (
				E3B66021303A7A4C0040E711 /* Sources */,
				E3B66022303A7A4C0040E711 /* Frameworks */,
				E3B66023303A7A4C0040E711 /* Resources */,
			);
			buildRules = (
			);
			dependencies = (
			);
			name = "Watch Together Extension (macOS)";
			packageProductDependencies = (
			);
			productName = "Watch Together Extension (macOS)";
			productReference = E3B66025303A7A4C0040E711 /* Watch Together Extension.appex */;
			productType = "com.apple.product-type.app-extension";
		};
/* End PBXNativeTarget section */

/* Begin PBXProject section */
		E3B65FEA303A7A4A0040E711 /* Project object */ = {
			isa = PBXProject;
			attributes = {
				BuildIndependentTargetsInParallel = 1;
				LastSwiftUpdateCheck = 2660;
				LastUpgradeCheck = 2660;
				TargetAttributes = {
					E3B65FFC303A7A4B0040E711 = {
						CreatedOnToolsVersion = 26.6;
					};
					E3B6600E303A7A4B0040E711 = {
						CreatedOnToolsVersion = 26.6;
					};
					E3B6601A303A7A4B0040E711 = {
						CreatedOnToolsVersion = 26.6;
					};
					E3B66024303A7A4C0040E711 = {
						CreatedOnToolsVersion = 26.6;
					};
				};
			};
			buildConfigurationList = E3B65FED303A7A4A0040E711 /* Build configuration list for PBXProject "Watch Together" */;
			developmentRegion = en;
			hasScannedForEncodings = 0;
			knownRegions = (
				en,
				Base,
			);
			mainGroup = E3B65FE9303A7A4A0040E711;
			minimizedProjectReferenceProxies = 1;
			preferredProjectObjectVersion = 77;
			productRefGroup = E3B65FFE303A7A4B0040E711 /* Products */;
			projectDirPath = "";
			projectRoot = "";
			targets = (
				E3B65FFC303A7A4B0040E711 /* Watch Together (iOS) */,
				E3B6600E303A7A4B0040E711 /* Watch Together (macOS) */,
				E3B6601A303A7A4B0040E711 /* Watch Together Extension (iOS) */,
				E3B66024303A7A4C0040E711 /* Watch Together Extension (macOS) */,
			);
		};
/* End PBXProject section */

/* Begin PBXResourcesBuildPhase section */
		E3B65FFB303A7A4B0040E711 /* Resources */ = {
			isa = PBXResourcesBuildPhase;
			buildActionMask = 2147483647;
			files = (
				E3B6602D303A7A4C0040E711 /* Icon.png in Resources */,
				E3B66006303A7A4B0040E711 /* LaunchScreen.storyboard in Resources */,
				E3B6602B303A7A4C0040E711 /* Main.html in Resources */,
				E3B66031303A7A4C0040E711 /* Script.js in Resources */,
				E3B66035303A7A4C0040E711 /* Assets.xcassets in Resources */,
				E3B66009303A7A4B0040E711 /* Main.storyboard in Resources */,
				E3B6602F303A7A4C0040E711 /* Style.css in Resources */,
			);
			runOnlyForDeploymentPostprocessing = 0;
		};
		E3B6600D303A7A4B0040E711 /* Resources */ = {
			isa = PBXResourcesBuildPhase;
			buildActionMask = 2147483647;
			files = (
				E3B6602E303A7A4C0040E711 /* Icon.png in Resources */,
				E3B66030303A7A4C0040E711 /* Style.css in Resources */,
				E3B66015303A7A4B0040E711 /* Main.storyboard in Resources */,
				E3B66032303A7A4C0040E711 /* Script.js in Resources */,
				E3B66036303A7A4C0040E711 /* Assets.xcassets in Resources */,
				E3B6602C303A7A4C0040E711 /* Main.html in Resources */,
			);
			runOnlyForDeploymentPostprocessing = 0;
		};
		E3B66019303A7A4B0040E711 /* Resources */ = {
			isa = PBXResourcesBuildPhase;
			buildActionMask = 2147483647;
			files = (
				E3B6606D303A7A4C0040E711 /* content.js in Resources */,
				E3B66063303A7A4C0040E711 /* background.js in Resources */,
				E3B6606B303A7A4C0040E711 /* manifest.json in Resources */,
				E3B66067303A7A4C0040E711 /* auto-join-extract.js in Resources */,
				E3B6606A303A7A4C0040E711 /* icons in Resources */,
				E3B6606C303A7A4C0040E711 /* relay.js in Resources */,
				E3B66069303A7A4C0040E711 /* adapters in Resources */,
				E3B66064303A7A4C0040E711 /* overlay.js in Resources */,
				E3B66066303A7A4C0040E711 /* config.js in Resources */,
				E3B66062303A7A4C0040E711 /* popup in Resources */,
			);
			runOnlyForDeploymentPostprocessing = 0;
		};
		E3B66023303A7A4C0040E711 /* Resources */ = {
			isa = PBXResourcesBuildPhase;
			buildActionMask = 2147483647;
			files = (
				E3B66061303A7A4C0040E711 /* content.js in Resources */,
				E3B66057303A7A4C0040E711 /* background.js in Resources */,
				E3B6605F303A7A4C0040E711 /* manifest.json in Resources */,
				E3B6605B303A7A4C0040E711 /* auto-join-extract.js in Resources */,
				E3B6605E303A7A4C0040E711 /* icons in Resources */,
				E3B66060303A7A4C0040E711 /* relay.js in Resources */,
				E3B6605D303A7A4C0040E711 /* adapters in Resources */,
				E3B66058303A7A4C0040E711 /* overlay.js in Resources */,
				E3B6605A303A7A4C0040E711 /* config.js in Resources */,
				E3B66056303A7A4C0040E711 /* popup in Resources */,
			);
			runOnlyForDeploymentPostprocessing = 0;
		};
/* End PBXResourcesBuildPhase section */

/* Begin PBXSourcesBuildPhase section */
		E3B65FF9303A7A4B0040E711 /* Sources */ = {
			isa = PBXSourcesBuildPhase;
			buildActionMask = 2147483647;
			files = (
				E3B66033303A7A4C0040E711 /* ViewController.swift in Sources */,
				E3B66001303A7A4B0040E711 /* AppDelegate.swift in Sources */,
				E3B66003303A7A4B0040E711 /* SceneDelegate.swift in Sources */,
			);
			runOnlyForDeploymentPostprocessing = 0;
		};
		E3B6600B303A7A4B0040E711 /* Sources */ = {
			isa = PBXSourcesBuildPhase;
			buildActionMask = 2147483647;
			files = (
				E3B66034303A7A4C0040E711 /* ViewController.swift in Sources */,
				E3B66012303A7A4B0040E711 /* AppDelegate.swift in Sources */,
			);
			runOnlyForDeploymentPostprocessing = 0;
		};
		E3B66017303A7A4B0040E711 /* Sources */ = {
			isa = PBXSourcesBuildPhase;
			buildActionMask = 2147483647;
			files = (
				E3B66037303A7A4C0040E711 /* SafariWebExtensionHandler.swift in Sources */,
			);
			runOnlyForDeploymentPostprocessing = 0;
		};
		E3B66021303A7A4C0040E711 /* Sources */ = {
			isa = PBXSourcesBuildPhase;
			buildActionMask = 2147483647;
			files = (
				E3B66038303A7A4C0040E711 /* SafariWebExtensionHandler.swift in Sources */,
			);
			runOnlyForDeploymentPostprocessing = 0;
		};
/* End PBXSourcesBuildPhase section */

/* Begin PBXTargetDependency section */
		E3B6601E303A7A4B0040E711 /* PBXTargetDependency */ = {
			isa = PBXTargetDependency;
			target = E3B6601A303A7A4B0040E711 /* Watch Together Extension (iOS) */;
			targetProxy = E3B6601D303A7A4B0040E711 /* PBXContainerItemProxy */;
		};
		E3B66028303A7A4C0040E711 /* PBXTargetDependency */ = {
			isa = PBXTargetDependency;
			target = E3B66024303A7A4C0040E711 /* Watch Together Extension (macOS) */;
			targetProxy = E3B66027303A7A4C0040E711 /* PBXContainerItemProxy */;
		};
/* End PBXTargetDependency section */

/* Begin PBXVariantGroup section */
		E3B65FF0303A7A4B0040E711 /* Main.html */ = {
			isa = PBXVariantGroup;
			children = (
				E3B65FF1303A7A4B0040E711 /* Base */,
			);
			name = Main.html;
			sourceTree = "<group>";
		};
		E3B66004303A7A4B0040E711 /* LaunchScreen.storyboard */ = {
			isa = PBXVariantGroup;
			children = (
				E3B66005303A7A4B0040E711 /* Base */,
			);
			name = LaunchScreen.storyboard;
			sourceTree = "<group>";
		};
		E3B66007303A7A4B0040E711 /* Main.storyboard */ = {
			isa = PBXVariantGroup;
			children = (
				E3B66008303A7A4B0040E711 /* Base */,
			);
			name = Main.storyboard;
			sourceTree = "<group>";
		};
		E3B66013303A7A4B0040E711 /* Main.storyboard */ = {
			isa = PBXVariantGroup;
			children = (
				E3B66014303A7A4B0040E711 /* Base */,
			);
			name = Main.storyboard;
			sourceTree = "<group>";
		};
/* End PBXVariantGroup section */

/* Begin XCBuildConfiguration section */
		E3B66039303A7A4C0040E711 /* Debug */ = {
			isa = XCBuildConfiguration;
			buildSettings = {
				ALWAYS_SEARCH_USER_PATHS = NO;
				ASSETCATALOG_COMPILER_GENERATE_SWIFT_ASSET_SYMBOL_EXTENSIONS = YES;
				CLANG_ANALYZER_NONNULL = YES;
				CLANG_ANALYZER_NUMBER_OBJECT_CONVERSION = YES_AGGRESSIVE;
				CLANG_CXX_LANGUAGE_STANDARD = "gnu++20";
				CLANG_ENABLE_MODULES = YES;
				CLANG_ENABLE_OBJC_ARC = YES;
				CLANG_ENABLE_OBJC_WEAK = YES;
				CLANG_WARN_BLOCK_CAPTURE_AUTORELEASING = YES;
				CLANG_WARN_BOOL_CONVERSION = YES;
				CLANG_WARN_COMMA = YES;
				CLANG_WARN_CONSTANT_CONVERSION = YES;
				CLANG_WARN_DEPRECATED_OBJC_IMPLEMENTATIONS = YES;
				CLANG_WARN_DIRECT_OBJC_ISA_USAGE = YES_ERROR;
				CLANG_WARN_DOCUMENTATION_COMMENTS = YES;
				CLANG_WARN_EMPTY_BODY = YES;
				CLANG_WARN_ENUM_CONVERSION = YES;
				CLANG_WARN_INFINITE_RECURSION = YES;
				CLANG_WARN_INT_CONVERSION = YES;
				CLANG_WARN_NON_LITERAL_NULL_CONVERSION = YES;
				CLANG_WARN_OBJC_IMPLICIT_RETAIN_SELF = YES;
				CLANG_WARN_OBJC_LITERAL_CONVERSION = YES;
				CLANG_WARN_OBJC_ROOT_CLASS = YES_ERROR;
				CLANG_WARN_QUOTED_INCLUDE_IN_FRAMEWORK_HEADER = YES;
				CLANG_WARN_RANGE_LOOP_ANALYSIS = YES;
				CLANG_WARN_STRICT_PROTOTYPES = YES;
				CLANG_WARN_SUSPICIOUS_MOVE = YES;
				CLANG_WARN_UNGUARDED_AVAILABILITY = YES_AGGRESSIVE;
				CLANG_WARN_UNREACHABLE_CODE = YES;
				CLANG_WARN__DUPLICATE_METHOD_MATCH = YES;
				COPY_PHASE_STRIP = NO;
				DEBUG_INFORMATION_FORMAT = dwarf;
				ENABLE_STRICT_OBJC_MSGSEND = YES;
				ENABLE_TESTABILITY = YES;
				ENABLE_USER_SCRIPT_SANDBOXING = YES;
				GCC_C_LANGUAGE_STANDARD = gnu17;
				GCC_DYNAMIC_NO_PIC = NO;
				GCC_NO_COMMON_BLOCKS = YES;
				GCC_OPTIMIZATION_LEVEL = 0;
				GCC_PREPROCESSOR_DEFINITIONS = (
					"DEBUG=1",
					"$(inherited)",
				);
				GCC_WARN_64_TO_32_BIT_CONVERSION = YES;
				GCC_WARN_ABOUT_RETURN_TYPE = YES_ERROR;
				GCC_WARN_UNDECLARED_SELECTOR = YES;
				GCC_WARN_UNINITIALIZED_AUTOS = YES_AGGRESSIVE;
				GCC_WARN_UNUSED_FUNCTION = YES;
				GCC_WARN_UNUSED_VARIABLE = YES;
				LOCALIZATION_PREFERS_STRING_CATALOGS = YES;
				MTL_ENABLE_DEBUG_INFO = INCLUDE_SOURCE;
				MTL_FAST_MATH = YES;
				ONLY_ACTIVE_ARCH = YES;
				SWIFT_ACTIVE_COMPILATION_CONDITIONS = "DEBUG $(inherited)";
				SWIFT_OPTIMIZATION_LEVEL = "-Onone";
			};
			name = Debug;
		};
		E3B6603A303A7A4C0040E711 /* Release */ = {
			isa = XCBuildConfiguration;
			buildSettings = {
				ALWAYS_SEARCH_USER_PATHS = NO;
				ASSETCATALOG_COMPILER_GENERATE_SWIFT_ASSET_SYMBOL_EXTENSIONS = YES;
				CLANG_ANALYZER_NONNULL = YES;
				CLANG_ANALYZER_NUMBER_OBJECT_CONVERSION = YES_AGGRESSIVE;
				CLANG_CXX_LANGUAGE_STANDARD = "gnu++20";
				CLANG_ENABLE_MODULES = YES;
				CLANG_ENABLE_OBJC_ARC = YES;
				CLANG_ENABLE_OBJC_WEAK = YES;
				CLANG_WARN_BLOCK_CAPTURE_AUTORELEASING = YES;
				CLANG_WARN_BOOL_CONVERSION = YES;
				CLANG_WARN_COMMA = YES;
				CLANG_WARN_CONSTANT_CONVERSION = YES;
				CLANG_WARN_DEPRECATED_OBJC_IMPLEMENTATIONS = YES;
				CLANG_WARN_DIRECT_OBJC_ISA_USAGE = YES_ERROR;
				CLANG_WARN_DOCUMENTATION_COMMENTS = YES;
				CLANG_WARN_EMPTY_BODY = YES;
				CLANG_WARN_ENUM_CONVERSION = YES;
				CLANG_WARN_INFINITE_RECURSION = YES;
				CLANG_WARN_INT_CONVERSION = YES;
				CLANG_WARN_NON_LITERAL_NULL_CONVERSION = YES;
				CLANG_WARN_OBJC_IMPLICIT_RETAIN_SELF = YES;
				CLANG_WARN_OBJC_LITERAL_CONVERSION = YES;
				CLANG_WARN_OBJC_ROOT_CLASS = YES_ERROR;
				CLANG_WARN_QUOTED_INCLUDE_IN_FRAMEWORK_HEADER = YES;
				CLANG_WARN_RANGE_LOOP_ANALYSIS = YES;
				CLANG_WARN_STRICT_PROTOTYPES = YES;
				CLANG_WARN_SUSPICIOUS_MOVE = YES;
				CLANG_WARN_UNGUARDED_AVAILABILITY = YES_AGGRESSIVE;
				CLANG_WARN_UNREACHABLE_CODE = YES;
				CLANG_WARN__DUPLICATE_METHOD_MATCH = YES;
				COPY_PHASE_STRIP = NO;
				DEBUG_INFORMATION_FORMAT = "dwarf-with-dsym";
				ENABLE_NS_ASSERTIONS = NO;
				ENABLE_STRICT_OBJC_MSGSEND = YES;
				ENABLE_USER_SCRIPT_SANDBOXING = YES;
				GCC_C_LANGUAGE_STANDARD = gnu17;
				GCC_NO_COMMON_BLOCKS = YES;
				GCC_WARN_64_TO_32_BIT_CONVERSION = YES;
				GCC_WARN_ABOUT_RETURN_TYPE = YES_ERROR;
				GCC_WARN_UNDECLARED_SELECTOR = YES;
				GCC_WARN_UNINITIALIZED_AUTOS = YES_AGGRESSIVE;
				GCC_WARN_UNUSED_FUNCTION = YES;
				GCC_WARN_UNUSED_VARIABLE = YES;
				LOCALIZATION_PREFERS_STRING_CATALOGS = YES;
				MTL_ENABLE_DEBUG_INFO = NO;
				MTL_FAST_MATH = YES;
				SWIFT_COMPILATION_MODE = wholemodule;
			};
			name = Release;
		};
		E3B6603C303A7A4C0040E711 /* Debug */ = {
			isa = XCBuildConfiguration;
			buildSettings = {
				CODE_SIGN_STYLE = Automatic;
				CURRENT_PROJECT_VERSION = 1;
				GENERATE_INFOPLIST_FILE = YES;
				INFOPLIST_FILE = "iOS (Extension)/Info.plist";
				INFOPLIST_KEY_CFBundleDisplayName = "Watch Together Extension";
				INFOPLIST_KEY_NSHumanReadableCopyright = "Copyright (c) 2026 Arnav Goel";
				IPHONEOS_DEPLOYMENT_TARGET = 16.4;
				LD_RUNPATH_SEARCH_PATHS = (
					"$(inherited)",
					"@executable_path/Frameworks",
					"@executable_path/../../Frameworks",
				);
				MARKETING_VERSION = 1.2.3;
				OTHER_LDFLAGS = (
					"-framework",
					SafariServices,
				);
				PRODUCT_BUNDLE_IDENTIFIER = dev.arnavgoel.watchtogether.Extension;
				PRODUCT_NAME = "Watch Together Extension";
				SDKROOT = iphoneos;
				SKIP_INSTALL = YES;
				STRING_CATALOG_GENERATE_SYMBOLS = YES;
				SWIFT_APPROACHABLE_CONCURRENCY = YES;
				SWIFT_EMIT_LOC_STRINGS = YES;
				SWIFT_UPCOMING_FEATURE_MEMBER_IMPORT_VISIBILITY = YES;
				SWIFT_VERSION = 5.0;
				TARGETED_DEVICE_FAMILY = "1,2";
			};
			name = Debug;
		};
		E3B6603D303A7A4C0040E711 /* Release */ = {
			isa = XCBuildConfiguration;
			buildSettings = {
				CODE_SIGN_STYLE = Automatic;
				CURRENT_PROJECT_VERSION = 1;
				GENERATE_INFOPLIST_FILE = YES;
				INFOPLIST_FILE = "iOS (Extension)/Info.plist";
				INFOPLIST_KEY_CFBundleDisplayName = "Watch Together Extension";
				INFOPLIST_KEY_NSHumanReadableCopyright = "Copyright (c) 2026 Arnav Goel";
				IPHONEOS_DEPLOYMENT_TARGET = 16.4;
				LD_RUNPATH_SEARCH_PATHS = (
					"$(inherited)",
					"@executable_path/Frameworks",
					"@executable_path/../../Frameworks",
				);
				MARKETING_VERSION = 1.2.3;
				OTHER_LDFLAGS = (
					"-framework",
					SafariServices,
				);
				PRODUCT_BUNDLE_IDENTIFIER = dev.arnavgoel.watchtogether.Extension;
				PRODUCT_NAME = "Watch Together Extension";
				SDKROOT = iphoneos;
				SKIP_INSTALL = YES;
				STRING_CATALOG_GENERATE_SYMBOLS = YES;
				SWIFT_APPROACHABLE_CONCURRENCY = YES;
				SWIFT_EMIT_LOC_STRINGS = YES;
				SWIFT_UPCOMING_FEATURE_MEMBER_IMPORT_VISIBILITY = YES;
				SWIFT_VERSION = 5.0;
				TARGETED_DEVICE_FAMILY = "1,2";
				VALIDATE_PRODUCT = YES;
			};
			name = Release;
		};
		E3B66040303A7A4C0040E711 /* Debug */ = {
			isa = XCBuildConfiguration;
			buildSettings = {
				ASSETCATALOG_COMPILER_APPICON_NAME = AppIcon;
				ASSETCATALOG_COMPILER_GLOBAL_ACCENT_COLOR_NAME = AccentColor;
				CODE_SIGN_STYLE = Automatic;
				CURRENT_PROJECT_VERSION = 1;
				GENERATE_INFOPLIST_FILE = YES;
				INFOPLIST_FILE = "iOS (App)/Info.plist";
				INFOPLIST_KEY_CFBundleDisplayName = "Watch Together";
				INFOPLIST_KEY_UIApplicationSupportsIndirectInputEvents = YES;
				INFOPLIST_KEY_UILaunchStoryboardName = LaunchScreen;
				INFOPLIST_KEY_UIMainStoryboardFile = Main;
				INFOPLIST_KEY_UISupportedInterfaceOrientations = "UIInterfaceOrientationPortrait UIInterfaceOrientationLandscapeLeft UIInterfaceOrientationLandscapeRight";
				INFOPLIST_KEY_UISupportedInterfaceOrientations_iPad = "UIInterfaceOrientationPortrait UIInterfaceOrientationPortraitUpsideDown UIInterfaceOrientationLandscapeLeft UIInterfaceOrientationLandscapeRight";
				IPHONEOS_DEPLOYMENT_TARGET = 16.4;
				LD_RUNPATH_SEARCH_PATHS = (
					"$(inherited)",
					"@executable_path/Frameworks",
				);
				MARKETING_VERSION = 1.2.3;
				OTHER_LDFLAGS = (
					"-framework",
					SafariServices,
					"-framework",
					WebKit,
				);
				INFOPLIST_KEY_LSApplicationCategoryType = "public.app-category.entertainment";
				INFOPLIST_KEY_NSHumanReadableCopyright = "Copyright (c) 2026 Arnav Goel";
				PRODUCT_BUNDLE_IDENTIFIER = dev.arnavgoel.watchtogether;
				PRODUCT_NAME = "Watch Together";
				SDKROOT = iphoneos;
				STRING_CATALOG_GENERATE_SYMBOLS = YES;
				SWIFT_APPROACHABLE_CONCURRENCY = YES;
				SWIFT_DEFAULT_ACTOR_ISOLATION = MainActor;
				SWIFT_EMIT_LOC_STRINGS = YES;
				SWIFT_UPCOMING_FEATURE_MEMBER_IMPORT_VISIBILITY = YES;
				SWIFT_VERSION = 5.0;
				TARGETED_DEVICE_FAMILY = "1,2";
			};
			name = Debug;
		};
		E3B66041303A7A4C0040E711 /* Release */ = {
			isa = XCBuildConfiguration;
			buildSettings = {
				ASSETCATALOG_COMPILER_APPICON_NAME = AppIcon;
				ASSETCATALOG_COMPILER_GLOBAL_ACCENT_COLOR_NAME = AccentColor;
				CODE_SIGN_STYLE = Automatic;
				CURRENT_PROJECT_VERSION = 1;
				GENERATE_INFOPLIST_FILE = YES;
				INFOPLIST_FILE = "iOS (App)/Info.plist";
				INFOPLIST_KEY_CFBundleDisplayName = "Watch Together";
				INFOPLIST_KEY_UIApplicationSupportsIndirectInputEvents = YES;
				INFOPLIST_KEY_UILaunchStoryboardName = LaunchScreen;
				INFOPLIST_KEY_UIMainStoryboardFile = Main;
				INFOPLIST_KEY_UISupportedInterfaceOrientations = "UIInterfaceOrientationPortrait UIInterfaceOrientationLandscapeLeft UIInterfaceOrientationLandscapeRight";
				INFOPLIST_KEY_UISupportedInterfaceOrientations_iPad = "UIInterfaceOrientationPortrait UIInterfaceOrientationPortraitUpsideDown UIInterfaceOrientationLandscapeLeft UIInterfaceOrientationLandscapeRight";
				IPHONEOS_DEPLOYMENT_TARGET = 16.4;
				LD_RUNPATH_SEARCH_PATHS = (
					"$(inherited)",
					"@executable_path/Frameworks",
				);
				MARKETING_VERSION = 1.2.3;
				OTHER_LDFLAGS = (
					"-framework",
					SafariServices,
					"-framework",
					WebKit,
				);
				INFOPLIST_KEY_LSApplicationCategoryType = "public.app-category.entertainment";
				INFOPLIST_KEY_NSHumanReadableCopyright = "Copyright (c) 2026 Arnav Goel";
				PRODUCT_BUNDLE_IDENTIFIER = dev.arnavgoel.watchtogether;
				PRODUCT_NAME = "Watch Together";
				SDKROOT = iphoneos;
				STRING_CATALOG_GENERATE_SYMBOLS = YES;
				SWIFT_APPROACHABLE_CONCURRENCY = YES;
				SWIFT_DEFAULT_ACTOR_ISOLATION = MainActor;
				SWIFT_EMIT_LOC_STRINGS = YES;
				SWIFT_UPCOMING_FEATURE_MEMBER_IMPORT_VISIBILITY = YES;
				SWIFT_VERSION = 5.0;
				TARGETED_DEVICE_FAMILY = "1,2";
				VALIDATE_PRODUCT = YES;
			};
			name = Release;
		};
		E3B66043303A7A4C0040E711 /* Debug */ = {
			isa = XCBuildConfiguration;
			buildSettings = {
				CODE_SIGN_STYLE = Automatic;
				CURRENT_PROJECT_VERSION = 1;
				ENABLE_APP_SANDBOX = YES;
				ENABLE_HARDENED_RUNTIME = YES;
				ENABLE_USER_SELECTED_FILES = readonly;
				GENERATE_INFOPLIST_FILE = YES;
				INFOPLIST_FILE = "macOS (Extension)/Info.plist";
				INFOPLIST_KEY_CFBundleDisplayName = "Watch Together Extension";
				INFOPLIST_KEY_NSHumanReadableCopyright = "Copyright (c) 2026 Arnav Goel";
				LD_RUNPATH_SEARCH_PATHS = (
					"$(inherited)",
					"@executable_path/../Frameworks",
					"@executable_path/../../../../Frameworks",
				);
				MACOSX_DEPLOYMENT_TARGET = 12.0;
				MARKETING_VERSION = 1.2.3;
				OTHER_LDFLAGS = (
					"-framework",
					SafariServices,
				);
				PRODUCT_BUNDLE_IDENTIFIER = dev.arnavgoel.watchtogether.Extension;
				PRODUCT_NAME = "Watch Together Extension";
				SDKROOT = macosx;
				SKIP_INSTALL = YES;
				STRING_CATALOG_GENERATE_SYMBOLS = YES;
				SWIFT_APPROACHABLE_CONCURRENCY = YES;
				SWIFT_EMIT_LOC_STRINGS = YES;
				SWIFT_UPCOMING_FEATURE_MEMBER_IMPORT_VISIBILITY = YES;
				SWIFT_VERSION = 5.0;
			};
			name = Debug;
		};
		E3B66044303A7A4C0040E711 /* Release */ = {
			isa = XCBuildConfiguration;
			buildSettings = {
				CODE_SIGN_STYLE = Automatic;
				CURRENT_PROJECT_VERSION = 1;
				ENABLE_APP_SANDBOX = YES;
				ENABLE_HARDENED_RUNTIME = YES;
				ENABLE_USER_SELECTED_FILES = readonly;
				GENERATE_INFOPLIST_FILE = YES;
				INFOPLIST_FILE = "macOS (Extension)/Info.plist";
				INFOPLIST_KEY_CFBundleDisplayName = "Watch Together Extension";
				INFOPLIST_KEY_NSHumanReadableCopyright = "Copyright (c) 2026 Arnav Goel";
				LD_RUNPATH_SEARCH_PATHS = (
					"$(inherited)",
					"@executable_path/../Frameworks",
					"@executable_path/../../../../Frameworks",
				);
				MACOSX_DEPLOYMENT_TARGET = 12.0;
				MARKETING_VERSION = 1.2.3;
				OTHER_LDFLAGS = (
					"-framework",
					SafariServices,
				);
				PRODUCT_BUNDLE_IDENTIFIER = dev.arnavgoel.watchtogether.Extension;
				PRODUCT_NAME = "Watch Together Extension";
				SDKROOT = macosx;
				SKIP_INSTALL = YES;
				STRING_CATALOG_GENERATE_SYMBOLS = YES;
				SWIFT_APPROACHABLE_CONCURRENCY = YES;
				SWIFT_EMIT_LOC_STRINGS = YES;
				SWIFT_UPCOMING_FEATURE_MEMBER_IMPORT_VISIBILITY = YES;
				SWIFT_VERSION = 5.0;
			};
			name = Release;
		};
		E3B66047303A7A4C0040E711 /* Debug */ = {
			isa = XCBuildConfiguration;
			buildSettings = {
				ASSETCATALOG_COMPILER_APPICON_NAME = AppIcon;
				ASSETCATALOG_COMPILER_GLOBAL_ACCENT_COLOR_NAME = AccentColor;
				CODE_SIGN_STYLE = Automatic;
				CURRENT_PROJECT_VERSION = 1;
				ENABLE_APP_SANDBOX = YES;
				ENABLE_HARDENED_RUNTIME = YES;
				ENABLE_OUTGOING_NETWORK_CONNECTIONS = YES;
				ENABLE_USER_SELECTED_FILES = readonly;
				GENERATE_INFOPLIST_FILE = YES;
				INFOPLIST_FILE = "macOS (App)/Info.plist";
				INFOPLIST_KEY_CFBundleDisplayName = "Watch Together";
				INFOPLIST_KEY_NSMainStoryboardFile = Main;
				INFOPLIST_KEY_NSPrincipalClass = NSApplication;
				LD_RUNPATH_SEARCH_PATHS = (
					"$(inherited)",
					"@executable_path/../Frameworks",
				);
				MACOSX_DEPLOYMENT_TARGET = 12.0;
				MARKETING_VERSION = 1.2.3;
				OTHER_LDFLAGS = (
					"-framework",
					SafariServices,
					"-framework",
					WebKit,
				);
				INFOPLIST_KEY_LSApplicationCategoryType = "public.app-category.entertainment";
				INFOPLIST_KEY_NSHumanReadableCopyright = "Copyright (c) 2026 Arnav Goel";
				PRODUCT_BUNDLE_IDENTIFIER = dev.arnavgoel.watchtogether;
				PRODUCT_NAME = "Watch Together";
				REGISTER_APP_GROUPS = YES;
				SDKROOT = macosx;
				STRING_CATALOG_GENERATE_SYMBOLS = YES;
				SWIFT_APPROACHABLE_CONCURRENCY = YES;
				SWIFT_DEFAULT_ACTOR_ISOLATION = MainActor;
				SWIFT_EMIT_LOC_STRINGS = YES;
				SWIFT_UPCOMING_FEATURE_MEMBER_IMPORT_VISIBILITY = YES;
				SWIFT_VERSION = 5.0;
			};
			name = Debug;
		};
		E3B66048303A7A4C0040E711 /* Release */ = {
			isa = XCBuildConfiguration;
			buildSettings = {
				ASSETCATALOG_COMPILER_APPICON_NAME = AppIcon;
				ASSETCATALOG_COMPILER_GLOBAL_ACCENT_COLOR_NAME = AccentColor;
				CODE_SIGN_STYLE = Automatic;
				CURRENT_PROJECT_VERSION = 1;
				ENABLE_APP_SANDBOX = YES;
				ENABLE_HARDENED_RUNTIME = YES;
				ENABLE_OUTGOING_NETWORK_CONNECTIONS = YES;
				ENABLE_USER_SELECTED_FILES = readonly;
				GENERATE_INFOPLIST_FILE = YES;
				INFOPLIST_FILE = "macOS (App)/Info.plist";
				INFOPLIST_KEY_CFBundleDisplayName = "Watch Together";
				INFOPLIST_KEY_NSMainStoryboardFile = Main;
				INFOPLIST_KEY_NSPrincipalClass = NSApplication;
				LD_RUNPATH_SEARCH_PATHS = (
					"$(inherited)",
					"@executable_path/../Frameworks",
				);
				MACOSX_DEPLOYMENT_TARGET = 12.0;
				MARKETING_VERSION = 1.2.3;
				OTHER_LDFLAGS = (
					"-framework",
					SafariServices,
					"-framework",
					WebKit,
				);
				INFOPLIST_KEY_LSApplicationCategoryType = "public.app-category.entertainment";
				INFOPLIST_KEY_NSHumanReadableCopyright = "Copyright (c) 2026 Arnav Goel";
				PRODUCT_BUNDLE_IDENTIFIER = dev.arnavgoel.watchtogether;
				PRODUCT_NAME = "Watch Together";
				REGISTER_APP_GROUPS = YES;
				SDKROOT = macosx;
				STRING_CATALOG_GENERATE_SYMBOLS = YES;
				SWIFT_APPROACHABLE_CONCURRENCY = YES;
				SWIFT_DEFAULT_ACTOR_ISOLATION = MainActor;
				SWIFT_EMIT_LOC_STRINGS = YES;
				SWIFT_UPCOMING_FEATURE_MEMBER_IMPORT_VISIBILITY = YES;
				SWIFT_VERSION = 5.0;
			};
			name = Release;
		};
/* End XCBuildConfiguration section */

/* Begin XCConfigurationList section */
		E3B65FED303A7A4A0040E711 /* Build configuration list for PBXProject "Watch Together" */ = {
			isa = XCConfigurationList;
			buildConfigurations = (
				E3B66039303A7A4C0040E711 /* Debug */,
				E3B6603A303A7A4C0040E711 /* Release */,
			);
			defaultConfigurationIsVisible = 0;
			defaultConfigurationName = Release;
		};
		E3B6603B303A7A4C0040E711 /* Build configuration list for PBXNativeTarget "Watch Together Extension (iOS)" */ = {
			isa = XCConfigurationList;
			buildConfigurations = (
				E3B6603C303A7A4C0040E711 /* Debug */,
				E3B6603D303A7A4C0040E711 /* Release */,
			);
			defaultConfigurationIsVisible = 0;
			defaultConfigurationName = Release;
		};
		E3B6603F303A7A4C0040E711 /* Build configuration list for PBXNativeTarget "Watch Together (iOS)" */ = {
			isa = XCConfigurationList;
			buildConfigurations = (
				E3B66040303A7A4C0040E711 /* Debug */,
				E3B66041303A7A4C0040E711 /* Release */,
			);
			defaultConfigurationIsVisible = 0;
			defaultConfigurationName = Release;
		};
		E3B66042303A7A4C0040E711 /* Build configuration list for PBXNativeTarget "Watch Together Extension (macOS)" */ = {
			isa = XCConfigurationList;
			buildConfigurations = (
				E3B66043303A7A4C0040E711 /* Debug */,
				E3B66044303A7A4C0040E711 /* Release */,
			);
			defaultConfigurationIsVisible = 0;
			defaultConfigurationName = Release;
		};
		E3B66046303A7A4C0040E711 /* Build configuration list for PBXNativeTarget "Watch Together (macOS)" */ = {
			isa = XCConfigurationList;
			buildConfigurations = (
				E3B66047303A7A4C0040E711 /* Debug */,
				E3B66048303A7A4C0040E711 /* Release */,
			);
			defaultConfigurationIsVisible = 0;
			defaultConfigurationName = Release;
		};
/* End XCConfigurationList section */
	};
	rootObject = E3B65FEA303A7A4A0040E711 /* Project object */;
}
